// !$*UTF8*$!
{
	archiveVersion = 1;
	classes = {
	};
	objectVersion = 50;
	objects = {

/* Begin PBXBuildFile section */
		3A949B28245462BD007E7928 /* main.swift in Sources */ = {isa = PBXBuildFile; fileRef = 3A949B27245462BD007E7928 /* main.swift */; };
		3A949BF6245467E0007E7928 /* Keychain_macOS.framework in Frameworks */ = {isa = PBXBuildFile; fileRef = 3A949BF4245467E0007E7928 /* Keychain_macOS.framework */; };
		3A949BF7245467E0007E7928 /* Keychain_macOS.framework in Embed Frameworks */ = {isa = PBXBuildFile; fileRef = 3A949BF4245467E0007E7928 /* Keychain_macOS.framework */; settings = {ATTRIBUTES = (CodeSignOnCopy, RemoveHeadersOnCopy, ); }; };
		3A9A2A4C2508D308000ABDC2 /* MTUserDefaults_macOS.framework in Frameworks */ = {isa = PBXBuildFile; fileRef = 3A9A2A4B2508D308000ABDC2 /* MTUserDefaults_macOS.framework */; };
		3A9A2A4D2508D308000ABDC2 /* MTUserDefaults_macOS.framework in Embed Frameworks */ = {isa = PBXBuildFile; fileRef = 3A9A2A4B2508D308000ABDC2 /* MTUserDefaults_macOS.framework */; settings = {ATTRIBUTES = (CodeSignOnCopy, RemoveHeadersOnCopy, ); }; };
/* End PBXBuildFile section */

/* Begin PBXCopyFilesBuildPhase section */
		3A949B22245462BD007E7928 /* CopyFiles */ = {
			isa = PBXCopyFilesBuildPhase;
			buildActionMask = 2147483647;
			dstPath = /usr/share/man/man1/;
			dstSubfolderSpec = 0;
			files = (
			);
			runOnlyForDeploymentPostprocessing = 1;
		};
		3A949BFA245467E0007E7928 /* Embed Frameworks */ = {
			isa = PBXCopyFilesBuildPhase;
			buildActionMask = 2147483647;
			dstPath = "";
			dstSubfolderSpec = 10;
			files = (
				3A9A2A4D2508D308000ABDC2 /* MTUserDefaults_macOS.framework in Embed Frameworks */,
				3A949BF7245467E0007E7928 /* Keychain_macOS.framework in Embed Frameworks */,
			);
			name = "Embed Frameworks";
			runOnlyForDeploymentPostprocessing = 0;
		};
/* End PBXCopyFilesBuildPhase section */

/* Begin PBXFileReference section */
		3A949AB9245461CA007E7928 /* Base.xcodeproj */ = {isa = PBXFileReference; lastKnownFileType = "wrapper.pb-project"; name = Base.xcodeproj; path = Base/Base.xcodeproj; sourceTree = "<group>"; };
		3A949AC3245461DB007E7928 /* Closures.xcodeproj */ = {isa = PBXFileReference; lastKnownFileType = "wrapper.pb-project"; name = Closures.xcodeproj; path = Closures/Closures.xcodeproj; sourceTree = "<group>"; };
		3A949ACD245461E5007E7928 /* Errors.xcodeproj */ = {isa = PBXFileReference; lastKnownFileType = "wrapper.pb-project"; name = Errors.xcodeproj; path = Errors/Errors.xcodeproj; sourceTree = "<group>"; };
		3A949AD724546211007E7928 /* Components.xcodeproj */ = {isa = PBXFileReference; lastKnownFileType = "wrapper.pb-project"; name = Components.xcodeproj; path = Components/Components.xcodeproj; sourceTree = "<group>"; };
		3A949AE12454621D007E7928 /* Sketches.xcodeproj */ = {isa = PBXFileReference; lastKnownFileType = "wrapper.pb-project"; name = Sketches.xcodeproj; path = Sketches/Sketches.xcodeproj; sourceTree = "<group>"; };
		3A949B24245462BD007E7928 /* Testground */ = {isa = PBXFileReference; explicitFileType = "compiled.mach-o.executable"; includeInIndex = 0; path = Testground; sourceTree = BUILT_PRODUCTS_DIR; };
		3A949B27245462BD007E7928 /* main.swift */ = {isa = PBXFileReference; lastKnownFileType = sourcecode.swift; path = main.swift; sourceTree = "<group>"; };
		3A949BF4245467E0007E7928 /* Keychain_macOS.framework */ = {isa = PBXFileReference; explicitFileType = wrapper.framework; path = Keychain_macOS.framework; sourceTree = BUILT_PRODUCTS_DIR; };
		3A949BF5245467E0007E7928 /* UserDefaults_macOS.framework */ = {isa = PBXFileReference; explicitFileType = wrapper.framework; path = UserDefaults_macOS.framework; sourceTree = BUILT_PRODUCTS_DIR; };
		3A9A2A4B2508D308000ABDC2 /* MTUserDefaults_macOS.framework */ = {isa = PBXFileReference; explicitFileType = wrapper.framework; path = MTUserDefaults_macOS.framework; sourceTree = BUILT_PRODUCTS_DIR; };
/* End PBXFileReference section */

/* Begin PBXFrameworksBuildPhase section */
		3A949B21245462BD007E7928 /* Frameworks */ = {
			isa = PBXFrameworksBuildPhase;
			buildActionMask = 2147483647;
			files = (
				3A9A2A4C2508D308000ABDC2 /* MTUserDefaults_macOS.framework in Frameworks */,
				3A949BF6245467E0007E7928 /* Keychain_macOS.framework in Frameworks */,
			);
			runOnlyForDeploymentPostprocessing = 0;
		};
/* End PBXFrameworksBuildPhase section */

/* Begin PBXGroup section */
		3A949A5F24545EF0007E7928 = {
			isa = PBXGroup;
			children = (
				3A949AB9245461CA007E7928 /* Base.xcodeproj */,
				3A949AC3245461DB007E7928 /* Closures.xcodeproj */,
				3A949ACD245461E5007E7928 /* Errors.xcodeproj */,
				3A949AD724546211007E7928 /* Components.xcodeproj */,
				3A949AE12454621D007E7928 /* Sketches.xcodeproj */,
				3A949B26245462BD007E7928 /* Testground */,
				3A949B25245462BD007E7928 /* Products */,
				3A949BF3245467E0007E7928 /* Frameworks */,
			);
			sourceTree = "<group>";
		};
		3A949ABA245461CA007E7928 /* Products */ = {
			isa = PBXGroup;
			children = (
			);
			name = Products;
			sourceTree = "<group>";
		};
		3A949AC4245461DB007E7928 /* Products */ = {
			isa = PBXGroup;
			children = (
			);
			name = Products;
			sourceTree = "<group>";
		};
		3A949ACE245461E5007E7928 /* Products */ = {
			isa = PBXGroup;
			children = (
			);
			name = Products;
			sourceTree = "<group>";
		};
		3A949AD824546211007E7928 /* Products */ = {
			isa = PBXGroup;
			children = (
			);
			name = Products;
			sourceTree = "<group>";
		};
		3A949AE22454621D007E7928 /* Products */ = {
			isa = PBXGroup;
			children = (
			);
			name = Products;
			sourceTree = "<group>";
		};
		3A949B25245462BD007E7928 /* Products */ = {
			isa = PBXGroup;
			children = (
				3A949B24245462BD007E7928 /* Testground */,
			);
			name = Products;
			sourceTree = "<group>";
		};
		3A949B26245462BD007E7928 /* Testground */ = {
			isa = PBXGroup;
			children = (
				3A949B27245462BD007E7928 /* main.swift */,
			);
			path = Testground;
			sourceTree = "<group>";
		};
		3A949BF3245467E0007E7928 /* Frameworks */ = {
			isa = PBXGroup;
			children = (
				3A9A2A4B2508D308000ABDC2 /* MTUserDefaults_macOS.framework */,
				3A949BF4245467E0007E7928 /* Keychain_macOS.framework */,
				3A949BF5245467E0007E7928 /* UserDefaults_macOS.framework */,
			);
			name = Frameworks;
			sourceTree = "<group>";
		};
/* End PBXGroup section */

/* Begin PBXNativeTarget section */
		3A949B23245462BD007E7928 /* Testground */ = {
			isa = PBXNativeTarget;
			buildConfigurationList = 3A949B29245462BD007E7928 /* Build configuration list for PBXNativeTarget "Testground" */;
			buildPhases = (
				3A949B20245462BD007E7928 /* Sources */,
				3A949B21245462BD007E7928 /* Frameworks */,
				3A949B22245462BD007E7928 /* CopyFiles */,
				3A949BFA245467E0007E7928 /* Embed Frameworks */,
			);
			buildRules = (
			);
			dependencies = (
			);
			name = Testground;
			productName = Testground;
			productReference = 3A949B24245462BD007E7928 /* Testground */;
			productType = "com.apple.product-type.tool";
		};
/* End PBXNativeTarget section */

/* Begin PBXProject section */
		3A949A6024545EF0007E7928 /* Project object */ = {
			isa = PBXProject;
			attributes = {
				LastSwiftUpdateCheck = 1140;
				LastUpgradeCheck = 1200;
				TargetAttributes = {
					3A949B23245462BD007E7928 = {
						CreatedOnToolsVersion = 11.4;
					};
				};
			};
			buildConfigurationList = 3A949A6324545EF0007E7928 /* Build configuration list for PBXProject "Multitool" */;
			compatibilityVersion = "Xcode 9.3";
			developmentRegion = en;
			hasScannedForEncodings = 0;
			knownRegions = (
				en,
				Base,
			);
			mainGroup = 3A949A5F24545EF0007E7928;
			productRefGroup = 3A949B25245462BD007E7928 /* Products */;
			projectDirPath = "";
			projectReferences = (
				{
					ProductGroup = 3A949ABA245461CA007E7928 /* Products */;
					ProjectRef = 3A949AB9245461CA007E7928 /* Base.xcodeproj */;
				},
				{
					ProductGroup = 3A949AC4245461DB007E7928 /* Products */;
					ProjectRef = 3A949AC3245461DB007E7928 /* Closures.xcodeproj */;
				},
				{
					ProductGroup = 3A949AD824546211007E7928 /* Products */;
					ProjectRef = 3A949AD724546211007E7928 /* Components.xcodeproj */;
				},
				{
					ProductGroup = 3A949ACE245461E5007E7928 /* Products */;
					ProjectRef = 3A949ACD245461E5007E7928 /* Errors.xcodeproj */;
				},
				{
					ProductGroup = 3A949AE22454621D007E7928 /* Products */;
					ProjectRef = 3A949AE12454621D007E7928 /* Sketches.xcodeproj */;
				},
			);
			projectRoot = "";
			targets = (
				3A949B23245462BD007E7928 /* Testground */,
			);
		};
/* End PBXProject section */

/* Begin PBXSourcesBuildPhase section */
		3A949B20245462BD007E7928 /* Sources */ = {
			isa = PBXSourcesBuildPhase;
			buildActionMask = 2147483647;
			files = (
				3A949B28245462BD007E7928 /* main.swift in Sources */,
			);
			runOnlyForDeploymentPostprocessing = 0;
		};
/* End PBXSourcesBuildPhase section */

/* Begin XCBuildConfiguration section */
		3A949A6424545EF0007E7928 /* Debug */ = {
			isa = XCBuildConfiguration;
			buildSettings = {
				CLANG_WARN_BLOCK_CAPTURE_AUTORELEASING = YES;
				CLANG_WARN_BOOL_CONVERSION = YES;
				CLANG_WARN_COMMA = YES;
				CLANG_WARN_CONSTANT_CONVERSION = YES;
				CLANG_WARN_DEPRECATED_OBJC_IMPLEMENTATIONS = YES;
				CLANG_WARN_EMPTY_BODY = YES;
				CLANG_WARN_ENUM_CONVERSION = YES;
				CLANG_WARN_INFINITE_RECURSION = YES;
				CLANG_WARN_INT_CONVERSION = YES;
				CLANG_WARN_NON_LITERAL_NULL_CONVERSION = YES;
				CLANG_WARN_OBJC_IMPLICIT_RETAIN_SELF = YES;
				CLANG_WARN_OBJC_LITERAL_CONVERSION = YES;
				CLANG_WARN_QUOTED_INCLUDE_IN_FRAMEWORK_HEADER = YES;
				CLANG_WARN_RANGE_LOOP_ANALYSIS = YES;
				CLANG_WARN_STRICT_PROTOTYPES = YES;
				CLANG_WARN_SUSPICIOUS_MOVE = YES;
				CLANG_WARN_UNREACHABLE_CODE = YES;
				CLANG_WARN__DUPLICATE_METHOD_MATCH = YES;
				ENABLE_STRICT_OBJC_MSGSEND = YES;
				ENABLE_TESTABILITY = YES;
				GCC_NO_COMMON_BLOCKS = YES;
				GCC_WARN_64_TO_32_BIT_CONVERSION = YES;
				GCC_WARN_ABOUT_RETURN_TYPE = YES;
				GCC_WARN_UNDECLARED_SELECTOR = YES;
				GCC_WARN_UNINITIALIZED_AUTOS = YES;
				GCC_WARN_UNUSED_FUNCTION = YES;
				GCC_WARN_UNUSED_VARIABLE = YES;
				ONLY_ACTIVE_ARCH = YES;
			};
			name = Debug;
		};
		3A949A6524545EF0007E7928 /* Release */ = {
			isa = XCBuildConfiguration;
			buildSettings = {
				CLANG_WARN_BLOCK_CAPTURE_AUTORELEASING = YES;
				CLANG_WARN_BOOL_CONVERSION = YES;
				CLANG_WARN_COMMA = YES;
				CLANG_WARN_CONSTANT_CONVERSION = YES;
				CLANG_WARN_DEPRECATED_OBJC_IMPLEMENTATIONS = YES;
				CLANG_WARN_EMPTY_BODY = YES;
				CLANG_WARN_ENUM_CONVERSION = YES;
				CLANG_WARN_INFINITE_RECURSION = YES;
				CLANG_WARN_INT_CONVERSION = YES;
				CLANG_WARN_NON_LITERAL_NULL_CONVERSION = YES;
				CLANG_WARN_OBJC_IMPLICIT_RETAIN_SELF = YES;
				CLANG_WARN_OBJC_LITERAL_CONVERSION = YES;
				CLANG_WARN_QUOTED_INCLUDE_IN_FRAMEWORK_HEADER = YES;
				CLANG_WARN_RANGE_LOOP_ANALYSIS = YES;
				CLANG_WARN_STRICT_PROTOTYPES = YES;
				CLANG_WARN_SUSPICIOUS_MOVE = YES;
				CLANG_WARN_UNREACHABLE_CODE = YES;
				CLANG_WARN__DUPLICATE_METHOD_MATCH = YES;
				ENABLE_STRICT_OBJC_MSGSEND = YES;
				GCC_NO_COMMON_BLOCKS = YES;
				GCC_WARN_64_TO_32_BIT_CONVERSION = YES;
				GCC_WARN_ABOUT_RETURN_TYPE = YES;
				GCC_WARN_UNDECLARED_SELECTOR = YES;
				GCC_WARN_UNINITIALIZED_AUTOS = YES;
				GCC_WARN_UNUSED_FUNCTION = YES;
				GCC_WARN_UNUSED_VARIABLE = YES;
			};
			name = Release;
		};
		3A949B2A245462BD007E7928 /* Debug */ = {
			isa = XCBuildConfiguration;
			buildSettings = {
				ALWAYS_SEARCH_USER_PATHS = NO;
				CLANG_ANALYZER_NONNULL = YES;
				CLANG_ANALYZER_NUMBER_OBJECT_CONVERSION = YES_AGGRESSIVE;
				CLANG_CXX_LANGUAGE_STANDARD = "gnu++14";
				CLANG_CXX_LIBRARY = "libc++";
				CLANG_ENABLE_MODULES = YES;
				CLANG_ENABLE_OBJC_ARC = YES;
				CLANG_ENABLE_OBJC_WEAK = YES;
				CLANG_WARN_BLOCK_CAPTURE_AUTORELEASING = YES;
				CLANG_WARN_BOOL_CONVERSION = YES;
				CLANG_WARN_COMMA = YES;
				CLANG_WARN_CONSTANT_CONVERSION = YES;
				CLANG_WARN_DEPRECATED_OBJC_IMPLEMENTATIONS = YES;
				CLANG_WARN_DIRECT_OBJC_ISA_USAGE = YES_ERROR;
				CLANG_WARN_DOCUMENTATION_COMMENTS = YES;
				CLANG_WARN_EMPTY_BODY = YES;
				CLANG_WARN_ENUM_CONVERSION = YES;
				CLANG_WARN_INFINITE_RECURSION = YES;
				CLANG_WARN_INT_CONVERSION = YES;
				CLANG_WARN_NON_LITERAL_NULL_CONVERSION = YES;
				CLANG_WARN_OBJC_IMPLICIT_RETAIN_SELF = YES;
				CLANG_WARN_OBJC_LITERAL_CONVERSION = YES;
				CLANG_WARN_OBJC_ROOT_CLASS = YES_ERROR;
				CLANG_WARN_RANGE_LOOP_ANALYSIS = YES;
				CLANG_WARN_STRICT_PROTOTYPES = YES;
				CLANG_WARN_SUSPICIOUS_MOVE = YES;
				CLANG_WARN_UNGUARDED_AVAILABILITY = YES_AGGRESSIVE;
				CLANG_WARN_UNREACHABLE_CODE = YES;
				CLANG_WARN__DUPLICATE_METHOD_MATCH = YES;
				CODE_SIGN_IDENTITY = "-";
				CODE_SIGN_STYLE = Automatic;
				COPY_PHASE_STRIP = NO;
				DEBUG_INFORMATION_FORMAT = dwarf;
				DEVELOPMENT_TEAM = 3HY2N64MXA;
				ENABLE_HARDENED_RUNTIME = YES;
				ENABLE_STRICT_OBJC_MSGSEND = YES;
				ENABLE_TESTABILITY = YES;
				GCC_C_LANGUAGE_STANDARD = gnu11;
				GCC_DYNAMIC_NO_PIC = NO;
				GCC_NO_COMMON_BLOCKS = YES;
				GCC_OPTIMIZATION_LEVEL = 0;
				GCC_PREPROCESSOR_DEFINITIONS = (
					"DEBUG=1",
					"$(inherited)",
				);
				GCC_WARN_64_TO_32_BIT_CONVERSION = YES;
				GCC_WARN_ABOUT_RETURN_TYPE = YES_ERROR;
				GCC_WARN_UNDECLARED_SELECTOR = YES;
				GCC_WARN_UNINITIALIZED_AUTOS = YES_AGGRESSIVE;
				GCC_WARN_UNUSED_FUNCTION = YES;
				GCC_WARN_UNUSED_VARIABLE = YES;
				MACOSX_DEPLOYMENT_TARGET = 10.15;
				MTL_ENABLE_DEBUG_INFO = INCLUDE_SOURCE;
				MTL_FAST_MATH = YES;
				ONLY_ACTIVE_ARCH = YES;
				PRODUCT_NAME = "$(TARGET_NAME)";
				SDKROOT = macosx;
				SWIFT_ACTIVE_COMPILATION_CONDITIONS = DEBUG;
				SWIFT_OPTIMIZATION_LEVEL = "-Onone";
				SWIFT_VERSION = 5.0;
			};
			name = Debug;
		};
		3A949B2B245462BD007E7928 /* Release */ = {
			isa = XCBuildConfiguration;
			buildSettings = {
				ALWAYS_SEARCH_USER_PATHS = NO;
				CLANG_ANALYZER_NONNULL = YES;
				CLANG_ANALYZER_NUMBER_OBJECT_CONVERSION = YES_AGGRESSIVE;
				CLANG_CXX_LANGUAGE_STANDARD = "gnu++14";
				CLANG_CXX_LIBRARY = "libc++";
				CLANG_ENABLE_MODULES = YES;
				CLANG_ENABLE_OBJC_ARC = YES;
				CLANG_ENABLE_OBJC_WEAK = YES;
				CLANG_WARN_BLOCK_CAPTURE_AUTORELEASING = YES;
				CLANG_WARN_BOOL_CONVERSION = YES;
				CLANG_WARN_COMMA = YES;
				CLANG_WARN_CONSTANT_CONVERSION = YES;
				CLANG_WARN_DEPRECATED_OBJC_IMPLEMENTATIONS = YES;
				CLANG_WARN_DIRECT_OBJC_ISA_USAGE = YES_ERROR;
				CLANG_WARN_DOCUMENTATION_COMMENTS = YES;
				CLANG_WARN_EMPTY_BODY = YES;
				CLANG_WARN_ENUM_CONVERSION = YES;
				CLANG_WARN_INFINITE_RECURSION = YES;
				CLANG_WARN_INT_CONVERSION = YES;
				CLANG_WARN_NON_LITERAL_NULL_CONVERSION = YES;
				CLANG_WARN_OBJC_IMPLICIT_RETAIN_SELF = YES;
				CLANG_WARN_OBJC_LITERAL_CONVERSION = YES;
				CLANG_WARN_OBJC_ROOT_CLASS = YES_ERROR;
				CLANG_WARN_RANGE_LOOP_ANALYSIS = YES;
				CLANG_WARN_STRICT_PROTOTYPES = YES;
				CLANG_WARN_SUSPICIOUS_MOVE = YES;
				CLANG_WARN_UNGUARDED_AVAILABILITY = YES_AGGRESSIVE;
				CLANG_WARN_UNREACHABLE_CODE = YES;
				CLANG_WARN__DUPLICATE_METHOD_MATCH = YES;
				CODE_SIGN_IDENTITY = "-";
				CODE_SIGN_STYLE = Automatic;
				COPY_PHASE_STRIP = NO;
				DEBUG_INFORMATION_FORMAT = "dwarf-with-dsym";
				DEVELOPMENT_TEAM = 3HY2N64MXA;
				ENABLE_HARDENED_RUNTIME = YES;
				ENABLE_NS_ASSERTIONS = NO;
				ENABLE_STRICT_OBJC_MSGSEND = YES;
				GCC_C_LANGUAGE_STANDARD = gnu11;
				GCC_NO_COMMON_BLOCKS = YES;
				GCC_WARN_64_TO_32_BIT_CONVERSION = YES;
				GCC_WARN_ABOUT_RETURN_TYPE = YES_ERROR;
				GCC_WARN_UNDECLARED_SELECTOR = YES;
				GCC_WARN_UNINITIALIZED_AUTOS = YES_AGGRESSIVE;
				GCC_WARN_UNUSED_FUNCTION = YES;
				GCC_WARN_UNUSED_VARIABLE = YES;
				MACOSX_DEPLOYMENT_TARGET = 10.15;
				MTL_ENABLE_DEBUG_INFO = NO;
				MTL_FAST_MATH = YES;
				PRODUCT_NAME = "$(TARGET_NAME)";
				SDKROOT = macosx;
				SWIFT_COMPILATION_MODE = wholemodule;
				SWIFT_OPTIMIZATION_LEVEL = "-O";
				SWIFT_VERSION = 5.0;
			};
			name = Release;
		};
/* End XCBuildConfiguration section */

/* Begin XCConfigurationList section */
		3A949A6324545EF0007E7928 /* Build configuration list for PBXProject "Multitool" */ = {
			isa = XCConfigurationList;
			buildConfigurations = (
				3A949A6424545EF0007E7928 /* Debug */,
				3A949A6524545EF0007E7928 /* Release */,
			);
			defaultConfigurationIsVisible = 0;
			defaultConfigurationName = Release;
		};
		3A949B29245462BD007E7928 /* Build configuration list for PBXNativeTarget "Testground" */ = {
			isa = XCConfigurationList;
			buildConfigurations = (
				3A949B2A245462BD007E7928 /* Debug */,
				3A949B2B245462BD007E7928 /* Release */,
			);
			defaultConfigurationIsVisible = 0;
			defaultConfigurationName = Release;
		};
/* End XCConfigurationList section */
	};
	rootObject = 3A949A6024545EF0007E7928 /* Project object */;
}
