// !$*UTF8*$!
{
	archiveVersion = 1;
	classes = {
	};
	objectVersion = 50;
	objects = {

/* Begin PBXBuildFile section */
		3A1B844425C011980042A2DC /* EmptyInitializable.swift in Sources */ = {isa = PBXBuildFile; fileRef = 3A1B844325C011980042A2DC /* EmptyInitializable.swift */; };
		3A1B844C25C0120E0042A2DC /* Block.swift in Sources */ = {isa = PBXBuildFile; fileRef = 3A1B844925C0120E0042A2DC /* Block.swift */; };
		3A1B844D25C0120E0042A2DC /* Block.swift in Sources */ = {isa = PBXBuildFile; fileRef = 3A1B844925C0120E0042A2DC /* Block.swift */; };
		3A1B844E25C0120E0042A2DC /* ClosureInitializable.swift in Sources */ = {isa = PBXBuildFile; fileRef = 3A1B844A25C0120E0042A2DC /* ClosureInitializable.swift */; };
		3A1B844F25C0120E0042A2DC /* ClosureInitializable.swift in Sources */ = {isa = PBXBuildFile; fileRef = 3A1B844A25C0120E0042A2DC /* ClosureInitializable.swift */; };
		3A1B845025C0120E0042A2DC /* Customizable.swift in Sources */ = {isa = PBXBuildFile; fileRef = 3A1B844B25C0120E0042A2DC /* Customizable.swift */; };
		3A1B845125C0120E0042A2DC /* Customizable.swift in Sources */ = {isa = PBXBuildFile; fileRef = 3A1B844B25C0120E0042A2DC /* Customizable.swift */; };
		3A1B846625C015850042A2DC /* DispatchQueue.swift in Sources */ = {isa = PBXBuildFile; fileRef = 3A1B846525C015850042A2DC /* DispatchQueue.swift */; };
		3A1B846A25C015B50042A2DC /* OSStatus.swift in Sources */ = {isa = PBXBuildFile; fileRef = 3A1B846925C015B50042A2DC /* OSStatus.swift */; };
		3A51DA1B25B1D7CB0066E836 /* LocalizationObject.swift in Sources */ = {isa = PBXBuildFile; fileRef = 3A51DA1A25B1D7CB0066E836 /* LocalizationObject.swift */; };
		3A51DA1F25B1D8110066E836 /* Localizable.swift in Sources */ = {isa = PBXBuildFile; fileRef = 3A51DA1E25B1D8110066E836 /* Localizable.swift */; };
		3A51DA2925B1D8990066E836 /* LocalizableObject.swift in Sources */ = {isa = PBXBuildFile; fileRef = 3A51DA2825B1D8990066E836 /* LocalizableObject.swift */; };
		3A85DAE825AF0196006E76AF /* Validation.swift in Sources */ = {isa = PBXBuildFile; fileRef = 3A85DAE725AF0196006E76AF /* Validation.swift */; };
		3A85DAF625AF3382006E76AF /* DispatchSingle.swift in Sources */ = {isa = PBXBuildFile; fileRef = 3A85DAF525AF3382006E76AF /* DispatchSingle.swift */; };
		3A85DAF925AF33B1006E76AF /* DispatchOnce.swift in Sources */ = {isa = PBXBuildFile; fileRef = 3A85DAF825AF33B1006E76AF /* DispatchOnce.swift */; };
		3A85DAFC25AF33C6006E76AF /* DispatchSerial.swift in Sources */ = {isa = PBXBuildFile; fileRef = 3A85DAFB25AF33C6006E76AF /* DispatchSerial.swift */; };
		3A85DB0525AF363D006E76AF /* MultitoolBaseTests.swift in Sources */ = {isa = PBXBuildFile; fileRef = 3A85DB0425AF363D006E76AF /* MultitoolBaseTests.swift */; };
		3A85DB0725AF363D006E76AF /* MultitoolBase_macOS.framework in Frameworks */ = {isa = PBXBuildFile; fileRef = 3A8BD84C256FAB2600E4C225 /* MultitoolBase_macOS.framework */; };
		3A85DB1125AF376D006E76AF /* DispatchSingle.swift in Sources */ = {isa = PBXBuildFile; fileRef = 3A85DAF525AF3382006E76AF /* DispatchSingle.swift */; };
		3A85DB1425AF37FE006E76AF /* DispatchSerial.swift in Sources */ = {isa = PBXBuildFile; fileRef = 3A85DAFB25AF33C6006E76AF /* DispatchSerial.swift */; };
		3A85DB1825AF3CCA006E76AF /* DispatchSerialTests.swift in Sources */ = {isa = PBXBuildFile; fileRef = 3A85DB1725AF3CCA006E76AF /* DispatchSerialTests.swift */; };
		3A8BD856256FABC700E4C225 /* DelegatedCall.swift in Sources */ = {isa = PBXBuildFile; fileRef = 3A949AFE2454629C007E7928 /* DelegatedCall.swift */; };
		3A8BD857256FABC700E4C225 /* Event.swift in Sources */ = {isa = PBXBuildFile; fileRef = 3A949AFB2454629C007E7928 /* Event.swift */; };
		3A8BD858256FABC700E4C225 /* Kit.swift in Sources */ = {isa = PBXBuildFile; fileRef = 3A949AFA2454629C007E7928 /* Kit.swift */; };
		3A8BD859256FABC700E4C225 /* MTTimer.swift in Sources */ = {isa = PBXBuildFile; fileRef = 3A9A2A4F2508D653000ABDC2 /* MTTimer.swift */; };
		3A8BD85B256FABC700E4C225 /* Seal.swift in Sources */ = {isa = PBXBuildFile; fileRef = 3A949AFC2454629C007E7928 /* Seal.swift */; };
		3A8BD85D256FABC700E4C225 /* Unowned.swift in Sources */ = {isa = PBXBuildFile; fileRef = 3A949AFD2454629C007E7928 /* Unowned.swift */; };
		3A8BD85E256FABC700E4C225 /* Weak.swift in Sources */ = {isa = PBXBuildFile; fileRef = 3A949AFF2454629C007E7928 /* Weak.swift */; };
		3A8BD85F256FABC700E4C225 /* Operators.swift in Sources */ = {isa = PBXBuildFile; fileRef = 3A949B062454629C007E7928 /* Operators.swift */; };
		3A8BD860256FABC700E4C225 /* Typealiases.swift in Sources */ = {isa = PBXBuildFile; fileRef = 3A949B072454629C007E7928 /* Typealiases.swift */; };
		3A8BD861256FABC700E4C225 /* Directions.swift in Sources */ = {isa = PBXBuildFile; fileRef = 3A949B012454629C007E7928 /* Directions.swift */; };
		3A8BD862256FABC700E4C225 /* Edge.swift in Sources */ = {isa = PBXBuildFile; fileRef = 3A949B022454629C007E7928 /* Edge.swift */; };
		3A8BD863256FABC700E4C225 /* KeyCode.swift in Sources */ = {isa = PBXBuildFile; fileRef = 3A949B042454629C007E7928 /* KeyCode.swift */; };
		3A8BD864256FABC700E4C225 /* Result.swift in Sources */ = {isa = PBXBuildFile; fileRef = 3A949B032454629C007E7928 /* Result.swift */; };
		3A8BD865256FABC700E4C225 /* Array.swift in Sources */ = {isa = PBXBuildFile; fileRef = 3A949B092454629C007E7928 /* Array.swift */; };
		3A8BD866256FABC700E4C225 /* Bool.swift in Sources */ = {isa = PBXBuildFile; fileRef = 3A949B0F2454629C007E7928 /* Bool.swift */; };
		3A8BD867256FABC700E4C225 /* Collection.swift in Sources */ = {isa = PBXBuildFile; fileRef = 3A949B0A2454629C007E7928 /* Collection.swift */; };
		3A8BD868256FABC700E4C225 /* Data.swift in Sources */ = {isa = PBXBuildFile; fileRef = 3A949B0B2454629C007E7928 /* Data.swift */; };
		3A8BD869256FABC700E4C225 /* FixedWidthInteger.swift in Sources */ = {isa = PBXBuildFile; fileRef = 3A949B0C2454629C007E7928 /* FixedWidthInteger.swift */; };
		3A8BD86A256FABC700E4C225 /* Numeric.swift in Sources */ = {isa = PBXBuildFile; fileRef = 3A949B0E2454629C007E7928 /* Numeric.swift */; };
		3A8BD86B256FABC700E4C225 /* Optional.swift in Sources */ = {isa = PBXBuildFile; fileRef = 3A1166E424DD9E7A007E0CD6 /* Optional.swift */; };
		3A8BD86C256FABC700E4C225 /* Set.swift in Sources */ = {isa = PBXBuildFile; fileRef = 3A949B102454629C007E7928 /* Set.swift */; };
		3A8BD86D256FABC700E4C225 /* String.swift in Sources */ = {isa = PBXBuildFile; fileRef = 3A949B0D2454629C007E7928 /* String.swift */; };
		3A8BD86E256FABC700E4C225 /* CreatableByInt.swift in Sources */ = {isa = PBXBuildFile; fileRef = 3A949B1B2454629C007E7928 /* CreatableByInt.swift */; };
		3A8BD86F256FABC700E4C225 /* DataStringRepresentable.swift in Sources */ = {isa = PBXBuildFile; fileRef = 3A949B162454629C007E7928 /* DataStringRepresentable.swift */; };
		3A8BD870256FABC700E4C225 /* HashableByIdentifier.swift in Sources */ = {isa = PBXBuildFile; fileRef = 3A949B1D2454629C007E7928 /* HashableByIdentifier.swift */; };
		3A8BD871256FABC700E4C225 /* Identifiable.swift in Sources */ = {isa = PBXBuildFile; fileRef = 3A949B1C2454629C007E7928 /* Identifiable.swift */; };
		3A8BD872256FABC700E4C225 /* InfoContaining.swift in Sources */ = {isa = PBXBuildFile; fileRef = 3A949B182454629C007E7928 /* InfoContaining.swift */; };
		3A8BD873256FABC700E4C225 /* Randomable.swift in Sources */ = {isa = PBXBuildFile; fileRef = 3A949B192454629C007E7928 /* Randomable.swift */; };
		3A8BD874256FABC700E4C225 /* RandomableElement.swift in Sources */ = {isa = PBXBuildFile; fileRef = 3A949B172454629C007E7928 /* RandomableElement.swift */; };
		3A8BD875256FABC700E4C225 /* TypeIdentifiable.swift in Sources */ = {isa = PBXBuildFile; fileRef = 3A949B1A2454629C007E7928 /* TypeIdentifiable.swift */; };
		3A8BD876256FABC700E4C225 /* RandomableElementConforming.swift in Sources */ = {isa = PBXBuildFile; fileRef = 3A949B1F2454629C007E7928 /* RandomableElementConforming.swift */; };
		3A8BD877256FABC700E4C225 /* EnumDictionarySet.swift in Sources */ = {isa = PBXBuildFile; fileRef = 3A949B122454629C007E7928 /* EnumDictionarySet.swift */; };
		3A8BD878256FABC700E4C225 /* KeyValuePair.swift in Sources */ = {isa = PBXBuildFile; fileRef = 3A949B132454629C007E7928 /* KeyValuePair.swift */; };
		3A8BD879256FABC700E4C225 /* Coordinates.swift in Sources */ = {isa = PBXBuildFile; fileRef = 3A949B142454629C007E7928 /* Coordinates.swift */; };
/* End PBXBuildFile section */

/* Begin PBXContainerItemProxy section */
		3A85DB0825AF363D006E76AF /* PBXContainerItemProxy */ = {
			isa = PBXContainerItemProxy;
			containerPortal = 3A949AB3245461CA007E7928 /* Project object */;
			proxyType = 1;
			remoteGlobalIDString = 3A8BD84B256FAB2600E4C225;
			remoteInfo = "MultitoolBase-macOS";
		};
/* End PBXContainerItemProxy section */

/* Begin PBXFileReference section */
		3A1166E424DD9E7A007E0CD6 /* Optional.swift */ = {isa = PBXFileReference; lastKnownFileType = sourcecode.swift; path = Optional.swift; sourceTree = "<group>"; };
		3A1B844325C011980042A2DC /* EmptyInitializable.swift */ = {isa = PBXFileReference; lastKnownFileType = sourcecode.swift; path = EmptyInitializable.swift; sourceTree = "<group>"; };
		3A1B844925C0120E0042A2DC /* Block.swift */ = {isa = PBXFileReference; fileEncoding = 4; lastKnownFileType = sourcecode.swift; path = Block.swift; sourceTree = "<group>"; };
		3A1B844A25C0120E0042A2DC /* ClosureInitializable.swift */ = {isa = PBXFileReference; fileEncoding = 4; lastKnownFileType = sourcecode.swift; path = ClosureInitializable.swift; sourceTree = "<group>"; };
		3A1B844B25C0120E0042A2DC /* Customizable.swift */ = {isa = PBXFileReference; fileEncoding = 4; lastKnownFileType = sourcecode.swift; path = Customizable.swift; sourceTree = "<group>"; };
		3A1B846525C015850042A2DC /* DispatchQueue.swift */ = {isa = PBXFileReference; lastKnownFileType = sourcecode.swift; path = DispatchQueue.swift; sourceTree = "<group>"; };
		3A1B846925C015B50042A2DC /* OSStatus.swift */ = {isa = PBXFileReference; lastKnownFileType = sourcecode.swift; path = OSStatus.swift; sourceTree = "<group>"; };
		3A51DA1A25B1D7CB0066E836 /* LocalizationObject.swift */ = {isa = PBXFileReference; lastKnownFileType = sourcecode.swift; path = LocalizationObject.swift; sourceTree = "<group>"; };
		3A51DA1E25B1D8110066E836 /* Localizable.swift */ = {isa = PBXFileReference; lastKnownFileType = sourcecode.swift; path = Localizable.swift; sourceTree = "<group>"; };
		3A51DA2825B1D8990066E836 /* LocalizableObject.swift */ = {isa = PBXFileReference; lastKnownFileType = sourcecode.swift; path = LocalizableObject.swift; sourceTree = "<group>"; };
		3A85DAE725AF0196006E76AF /* Validation.swift */ = {isa = PBXFileReference; lastKnownFileType = sourcecode.swift; path = Validation.swift; sourceTree = "<group>"; };
		3A85DAF525AF3382006E76AF /* DispatchSingle.swift */ = {isa = PBXFileReference; lastKnownFileType = sourcecode.swift; path = DispatchSingle.swift; sourceTree = "<group>"; };
		3A85DAF825AF33B1006E76AF /* DispatchOnce.swift */ = {isa = PBXFileReference; lastKnownFileType = sourcecode.swift; path = DispatchOnce.swift; sourceTree = "<group>"; };
		3A85DAFB25AF33C6006E76AF /* DispatchSerial.swift */ = {isa = PBXFileReference; lastKnownFileType = sourcecode.swift; path = DispatchSerial.swift; sourceTree = "<group>"; };
		3A85DB0225AF363D006E76AF /* MultitoolBaseTests.xctest */ = {isa = PBXFileReference; explicitFileType = wrapper.cfbundle; includeInIndex = 0; path = MultitoolBaseTests.xctest; sourceTree = BUILT_PRODUCTS_DIR; };
		3A85DB0425AF363D006E76AF /* MultitoolBaseTests.swift */ = {isa = PBXFileReference; lastKnownFileType = sourcecode.swift; path = MultitoolBaseTests.swift; sourceTree = "<group>"; };
		3A85DB0625AF363D006E76AF /* Info.plist */ = {isa = PBXFileReference; lastKnownFileType = text.plist.xml; path = Info.plist; sourceTree = "<group>"; };
		3A85DB1725AF3CCA006E76AF /* DispatchSerialTests.swift */ = {isa = PBXFileReference; lastKnownFileType = sourcecode.swift; path = DispatchSerialTests.swift; sourceTree = "<group>"; };
		3A8BD84C256FAB2600E4C225 /* MultitoolBase_macOS.framework */ = {isa = PBXFileReference; explicitFileType = wrapper.framework; includeInIndex = 0; path = MultitoolBase_macOS.framework; sourceTree = BUILT_PRODUCTS_DIR; };
		3A8BD87D256FAD5900E4C225 /* MultitoolBase_macOS.h */ = {isa = PBXFileReference; lastKnownFileType = sourcecode.c.h; path = MultitoolBase_macOS.h; sourceTree = "<group>"; };
		3A8BD87E256FAD5900E4C225 /* Info.plist */ = {isa = PBXFileReference; lastKnownFileType = text.plist.xml; path = Info.plist; sourceTree = "<group>"; };
		3A949AFA2454629C007E7928 /* Kit.swift */ = {isa = PBXFileReference; lastKnownFileType = sourcecode.swift; path = Kit.swift; sourceTree = "<group>"; };
		3A949AFB2454629C007E7928 /* Event.swift */ = {isa = PBXFileReference; lastKnownFileType = sourcecode.swift; path = Event.swift; sourceTree = "<group>"; };
		3A949AFC2454629C007E7928 /* Seal.swift */ = {isa = PBXFileReference; lastKnownFileType = sourcecode.swift; path = Seal.swift; sourceTree = "<group>"; };
		3A949AFD2454629C007E7928 /* Unowned.swift */ = {isa = PBXFileReference; lastKnownFileType = sourcecode.swift; path = Unowned.swift; sourceTree = "<group>"; };
		3A949AFE2454629C007E7928 /* DelegatedCall.swift */ = {isa = PBXFileReference; lastKnownFileType = sourcecode.swift; path = DelegatedCall.swift; sourceTree = "<group>"; };
		3A949AFF2454629C007E7928 /* Weak.swift */ = {isa = PBXFileReference; lastKnownFileType = sourcecode.swift; path = Weak.swift; sourceTree = "<group>"; };
		3A949B012454629C007E7928 /* Directions.swift */ = {isa = PBXFileReference; lastKnownFileType = sourcecode.swift; path = Directions.swift; sourceTree = "<group>"; };
		3A949B022454629C007E7928 /* Edge.swift */ = {isa = PBXFileReference; lastKnownFileType = sourcecode.swift; path = Edge.swift; sourceTree = "<group>"; };
		3A949B032454629C007E7928 /* Result.swift */ = {isa = PBXFileReference; lastKnownFileType = sourcecode.swift; path = Result.swift; sourceTree = "<group>"; };
		3A949B042454629C007E7928 /* KeyCode.swift */ = {isa = PBXFileReference; lastKnownFileType = sourcecode.swift; path = KeyCode.swift; sourceTree = "<group>"; };
		3A949B062454629C007E7928 /* Operators.swift */ = {isa = PBXFileReference; lastKnownFileType = sourcecode.swift; path = Operators.swift; sourceTree = "<group>"; };
		3A949B072454629C007E7928 /* Typealiases.swift */ = {isa = PBXFileReference; lastKnownFileType = sourcecode.swift; path = Typealiases.swift; sourceTree = "<group>"; };
		3A949B092454629C007E7928 /* Array.swift */ = {isa = PBXFileReference; lastKnownFileType = sourcecode.swift; path = Array.swift; sourceTree = "<group>"; };
		3A949B0A2454629C007E7928 /* Collection.swift */ = {isa = PBXFileReference; lastKnownFileType = sourcecode.swift; path = Collection.swift; sourceTree = "<group>"; };
		3A949B0B2454629C007E7928 /* Data.swift */ = {isa = PBXFileReference; lastKnownFileType = sourcecode.swift; path = Data.swift; sourceTree = "<group>"; };
		3A949B0C2454629C007E7928 /* FixedWidthInteger.swift */ = {isa = PBXFileReference; lastKnownFileType = sourcecode.swift; path = FixedWidthInteger.swift; sourceTree = "<group>"; };
		3A949B0D2454629C007E7928 /* String.swift */ = {isa = PBXFileReference; lastKnownFileType = sourcecode.swift; path = String.swift; sourceTree = "<group>"; };
		3A949B0E2454629C007E7928 /* Numeric.swift */ = {isa = PBXFileReference; lastKnownFileType = sourcecode.swift; path = Numeric.swift; sourceTree = "<group>"; };
		3A949B0F2454629C007E7928 /* Bool.swift */ = {isa = PBXFileReference; lastKnownFileType = sourcecode.swift; path = Bool.swift; sourceTree = "<group>"; };
		3A949B102454629C007E7928 /* Set.swift */ = {isa = PBXFileReference; lastKnownFileType = sourcecode.swift; path = Set.swift; sourceTree = "<group>"; };
		3A949B122454629C007E7928 /* EnumDictionarySet.swift */ = {isa = PBXFileReference; lastKnownFileType = sourcecode.swift; path = EnumDictionarySet.swift; sourceTree = "<group>"; };
		3A949B132454629C007E7928 /* KeyValuePair.swift */ = {isa = PBXFileReference; lastKnownFileType = sourcecode.swift; path = KeyValuePair.swift; sourceTree = "<group>"; };
		3A949B142454629C007E7928 /* Coordinates.swift */ = {isa = PBXFileReference; lastKnownFileType = sourcecode.swift; path = Coordinates.swift; sourceTree = "<group>"; };
		3A949B162454629C007E7928 /* DataStringRepresentable.swift */ = {isa = PBXFileReference; lastKnownFileType = sourcecode.swift; path = DataStringRepresentable.swift; sourceTree = "<group>"; };
		3A949B172454629C007E7928 /* RandomableElement.swift */ = {isa = PBXFileReference; lastKnownFileType = sourcecode.swift; path = RandomableElement.swift; sourceTree = "<group>"; };
		3A949B182454629C007E7928 /* InfoContaining.swift */ = {isa = PBXFileReference; lastKnownFileType = sourcecode.swift; path = InfoContaining.swift; sourceTree = "<group>"; };
		3A949B192454629C007E7928 /* Randomable.swift */ = {isa = PBXFileReference; lastKnownFileType = sourcecode.swift; path = Randomable.swift; sourceTree = "<group>"; };
		3A949B1A2454629C007E7928 /* TypeIdentifiable.swift */ = {isa = PBXFileReference; lastKnownFileType = sourcecode.swift; path = TypeIdentifiable.swift; sourceTree = "<group>"; };
		3A949B1B2454629C007E7928 /* CreatableByInt.swift */ = {isa = PBXFileReference; lastKnownFileType = sourcecode.swift; path = CreatableByInt.swift; sourceTree = "<group>"; };
		3A949B1C2454629C007E7928 /* Identifiable.swift */ = {isa = PBXFileReference; lastKnownFileType = sourcecode.swift; path = Identifiable.swift; sourceTree = "<group>"; };
		3A949B1D2454629C007E7928 /* HashableByIdentifier.swift */ = {isa = PBXFileReference; lastKnownFileType = sourcecode.swift; path = HashableByIdentifier.swift; sourceTree = "<group>"; };
		3A949B1F2454629C007E7928 /* RandomableElementConforming.swift */ = {isa = PBXFileReference; lastKnownFileType = sourcecode.swift; path = RandomableElementConforming.swift; sourceTree = "<group>"; };
		3A9A2A4F2508D653000ABDC2 /* MTTimer.swift */ = {isa = PBXFileReference; lastKnownFileType = sourcecode.swift; path = MTTimer.swift; sourceTree = "<group>"; };
/* End PBXFileReference section */

/* Begin PBXFrameworksBuildPhase section */
		3A85DAFF25AF363D006E76AF /* Frameworks */ = {
			isa = PBXFrameworksBuildPhase;
			buildActionMask = 2147483647;
			files = (
				3A85DB0725AF363D006E76AF /* MultitoolBase_macOS.framework in Frameworks */,
			);
			runOnlyForDeploymentPostprocessing = 0;
		};
		3A8BD849256FAB2600E4C225 /* Frameworks */ = {
			isa = PBXFrameworksBuildPhase;
			buildActionMask = 2147483647;
			files = (
			);
			runOnlyForDeploymentPostprocessing = 0;
		};
/* End PBXFrameworksBuildPhase section */

/* Begin PBXGroup section */
		3A1B844825C012020042A2DC /* Closures */ = {
			isa = PBXGroup;
			children = (
				3A1B844925C0120E0042A2DC /* Block.swift */,
				3A1B844A25C0120E0042A2DC /* ClosureInitializable.swift */,
				3A1B844B25C0120E0042A2DC /* Customizable.swift */,
			);
			path = Closures;
			sourceTree = "<group>";
		};
		3A1B845A25C0123F0042A2DC /* Core */ = {
			isa = PBXGroup;
			children = (
				3A1B845B25C012550042A2DC /* Classes */,
				3A1B844825C012020042A2DC /* Closures */,
				3A1B845C25C012710042A2DC /* Declarations */,
				3A1B845E25C012B10042A2DC /* Extensions */,
				3A1B846125C013750042A2DC /* Structs */,
			);
			path = Core;
			sourceTree = "<group>";
		};
		3A1B845B25C012550042A2DC /* Classes */ = {
			isa = PBXGroup;
			children = (
				3A85DAF825AF33B1006E76AF /* DispatchOnce.swift */,
				3A85DAFB25AF33C6006E76AF /* DispatchSerial.swift */,
				3A85DAF525AF3382006E76AF /* DispatchSingle.swift */,
				3A949AFD2454629C007E7928 /* Unowned.swift */,
				3A949AFF2454629C007E7928 /* Weak.swift */,
			);
			path = Classes;
			sourceTree = "<group>";
		};
		3A1B845C25C012710042A2DC /* Declarations */ = {
			isa = PBXGroup;
			children = (
				3A949B072454629C007E7928 /* Typealiases.swift */,
			);
			path = Declarations;
			sourceTree = "<group>";
		};
		3A1B845D25C012780042A2DC /* Additional */ = {
			isa = PBXGroup;
			children = (
				3A949AF92454629C007E7928 /* Classes */,
				3A949B052454629C007E7928 /* Declarations */,
				3A949B002454629C007E7928 /* Enums */,
				3A949B082454629C007E7928 /* Extensions */,
				3A949B152454629C007E7928 /* Protocols */,
				3A949B1E2454629C007E7928 /* ProtocolsConforming */,
				3A949B112454629C007E7928 /* Structs */,
			);
			path = Additional;
			sourceTree = "<group>";
		};
		3A1B845E25C012B10042A2DC /* Extensions */ = {
			isa = PBXGroup;
			children = (
				3A949B0B2454629C007E7928 /* Data.swift */,
				3A1B846525C015850042A2DC /* DispatchQueue.swift */,
				3A949B0C2454629C007E7928 /* FixedWidthInteger.swift */,
				3A949B0E2454629C007E7928 /* Numeric.swift */,
				3A949B0D2454629C007E7928 /* String.swift */,
				3A1B846925C015B50042A2DC /* OSStatus.swift */,
			);
			path = Extensions;
			sourceTree = "<group>";
		};
		3A1B846125C013750042A2DC /* Structs */ = {
			isa = PBXGroup;
			children = (
				3A949B132454629C007E7928 /* KeyValuePair.swift */,
				3A51DA1A25B1D7CB0066E836 /* LocalizationObject.swift */,
			);
			path = Structs;
			sourceTree = "<group>";
		};
		3A85DB0325AF363D006E76AF /* MultitoolBaseTests */ = {
			isa = PBXGroup;
			children = (
				3A85DB0425AF363D006E76AF /* MultitoolBaseTests.swift */,
				3A85DB0625AF363D006E76AF /* Info.plist */,
				3A85DB1725AF3CCA006E76AF /* DispatchSerialTests.swift */,
			);
			path = MultitoolBaseTests;
			sourceTree = "<group>";
		};
		3A8BD84D256FAB2600E4C225 /* Products */ = {
			isa = PBXGroup;
			children = (
				3A8BD84C256FAB2600E4C225 /* MultitoolBase_macOS.framework */,
				3A85DB0225AF363D006E76AF /* MultitoolBaseTests.xctest */,
			);
			name = Products;
			sourceTree = "<group>";
		};
		3A8BD84E256FAB2600E4C225 /* MultitoolBase-macOS */ = {
			isa = PBXGroup;
			children = (
				3A8BD87E256FAD5900E4C225 /* Info.plist */,
				3A8BD87D256FAD5900E4C225 /* MultitoolBase_macOS.h */,
			);
			path = "MultitoolBase-macOS";
			sourceTree = "<group>";
		};
		3A949AB2245461CA007E7928 = {
			isa = PBXGroup;
			children = (
				3A949AF82454629C007E7928 /* Source */,
				3A8BD84E256FAB2600E4C225 /* MultitoolBase-macOS */,
				3A85DB0325AF363D006E76AF /* MultitoolBaseTests */,
				3A8BD84D256FAB2600E4C225 /* Products */,
			);
			sourceTree = "<group>";
		};
		3A949AF82454629C007E7928 /* Source */ = {
			isa = PBXGroup;
			children = (
				3A1B845D25C012780042A2DC /* Additional */,
				3A1B845A25C0123F0042A2DC /* Core */,
			);
			path = Source;
			sourceTree = "<group>";
		};
		3A949AF92454629C007E7928 /* Classes */ = {
			isa = PBXGroup;
			children = (
				3A949AFE2454629C007E7928 /* DelegatedCall.swift */,
				3A949AFB2454629C007E7928 /* Event.swift */,
				3A949AFA2454629C007E7928 /* Kit.swift */,
				3A9A2A4F2508D653000ABDC2 /* MTTimer.swift */,
				3A949AFC2454629C007E7928 /* Seal.swift */,
				3A85DAE725AF0196006E76AF /* Validation.swift */,
			);
			path = Classes;
			sourceTree = "<group>";
		};
		3A949B002454629C007E7928 /* Enums */ = {
			isa = PBXGroup;
			children = (
				3A949B012454629C007E7928 /* Directions.swift */,
				3A949B022454629C007E7928 /* Edge.swift */,
				3A949B042454629C007E7928 /* KeyCode.swift */,
				3A949B032454629C007E7928 /* Result.swift */,
			);
			path = Enums;
			sourceTree = "<group>";
		};
		3A949B052454629C007E7928 /* Declarations */ = {
			isa = PBXGroup;
			children = (
				3A949B062454629C007E7928 /* Operators.swift */,
			);
			path = Declarations;
			sourceTree = "<group>";
		};
		3A949B082454629C007E7928 /* Extensions */ = {
			isa = PBXGroup;
			children = (
				3A949B092454629C007E7928 /* Array.swift */,
				3A949B0F2454629C007E7928 /* Bool.swift */,
				3A949B0A2454629C007E7928 /* Collection.swift */,
				3A1166E424DD9E7A007E0CD6 /* Optional.swift */,
				3A949B102454629C007E7928 /* Set.swift */,
			);
			path = Extensions;
			sourceTree = "<group>";
		};
		3A949B112454629C007E7928 /* Structs */ = {
			isa = PBXGroup;
			children = (
				3A949B142454629C007E7928 /* Coordinates.swift */,
				3A949B122454629C007E7928 /* EnumDictionarySet.swift */,
			);
			path = Structs;
			sourceTree = "<group>";
		};
		3A949B152454629C007E7928 /* Protocols */ = {
			isa = PBXGroup;
			children = (
				3A949B1B2454629C007E7928 /* CreatableByInt.swift */,
				3A949B162454629C007E7928 /* DataStringRepresentable.swift */,
				3A1B844325C011980042A2DC /* EmptyInitializable.swift */,
				3A949B1D2454629C007E7928 /* HashableByIdentifier.swift */,
				3A949B1C2454629C007E7928 /* Identifiable.swift */,
				3A949B182454629C007E7928 /* InfoContaining.swift */,
				3A51DA1E25B1D8110066E836 /* Localizable.swift */,
				3A51DA2825B1D8990066E836 /* LocalizableObject.swift */,
				3A949B192454629C007E7928 /* Randomable.swift */,
				3A949B172454629C007E7928 /* RandomableElement.swift */,
				3A949B1A2454629C007E7928 /* TypeIdentifiable.swift */,
			);
			path = Protocols;
			sourceTree = "<group>";
		};
		3A949B1E2454629C007E7928 /* ProtocolsConforming */ = {
			isa = PBXGroup;
			children = (
				3A949B1F2454629C007E7928 /* RandomableElementConforming.swift */,
			);
			path = ProtocolsConforming;
			sourceTree = "<group>";
		};
/* End PBXGroup section */

/* Begin PBXHeadersBuildPhase section */
		3A8BD847256FAB2600E4C225 /* Headers */ = {
			isa = PBXHeadersBuildPhase;
			buildActionMask = 2147483647;
			files = (
			);
			runOnlyForDeploymentPostprocessing = 0;
		};
/* End PBXHeadersBuildPhase section */

/* Begin PBXNativeTarget section */
		3A85DB0125AF363D006E76AF /* MultitoolBaseTests */ = {
			isa = PBXNativeTarget;
			buildConfigurationList = 3A85DB0A25AF363D006E76AF /* Build configuration list for PBXNativeTarget "MultitoolBaseTests" */;
			buildPhases = (
				3A85DAFE25AF363D006E76AF /* Sources */,
				3A85DAFF25AF363D006E76AF /* Frameworks */,
				3A85DB0025AF363D006E76AF /* Resources */,
			);
			buildRules = (
			);
			dependencies = (
				3A85DB0925AF363D006E76AF /* PBXTargetDependency */,
			);
			name = MultitoolBaseTests;
			productName = MultitoolBaseTests;
			productReference = 3A85DB0225AF363D006E76AF /* MultitoolBaseTests.xctest */;
			productType = "com.apple.product-type.bundle.unit-test";
		};
		3A8BD84B256FAB2600E4C225 /* MultitoolBase-macOS */ = {
			isa = PBXNativeTarget;
			buildConfigurationList = 3A8BD854256FAB2600E4C225 /* Build configuration list for PBXNativeTarget "MultitoolBase-macOS" */;
			buildPhases = (
				3A8BD847256FAB2600E4C225 /* Headers */,
				3A8BD848256FAB2600E4C225 /* Sources */,
				3A8BD849256FAB2600E4C225 /* Frameworks */,
				3A8BD84A256FAB2600E4C225 /* Resources */,
			);
			buildRules = (
			);
			dependencies = (
			);
			name = "MultitoolBase-macOS";
			productName = "MultitoolBase-macOS";
			productReference = 3A8BD84C256FAB2600E4C225 /* MultitoolBase_macOS.framework */;
			productType = "com.apple.product-type.framework";
		};
/* End PBXNativeTarget section */

/* Begin PBXProject section */
		3A949AB3245461CA007E7928 /* Project object */ = {
			isa = PBXProject;
			attributes = {
				LastSwiftUpdateCheck = 1220;
				LastUpgradeCheck = 1200;
				TargetAttributes = {
					3A85DB0125AF363D006E76AF = {
						CreatedOnToolsVersion = 12.2;
					};
					3A8BD84B256FAB2600E4C225 = {
						CreatedOnToolsVersion = 12.2;
					};
				};
			};
			buildConfigurationList = 3A949AB6245461CA007E7928 /* Build configuration list for PBXProject "Base" */;
			compatibilityVersion = "Xcode 9.3";
			developmentRegion = en;
			hasScannedForEncodings = 0;
			knownRegions = (
				en,
				Base,
			);
			mainGroup = 3A949AB2245461CA007E7928;
			productRefGroup = 3A8BD84D256FAB2600E4C225 /* Products */;
			projectDirPath = "";
			projectRoot = "";
			targets = (
				3A8BD84B256FAB2600E4C225 /* MultitoolBase-macOS */,
				3A85DB0125AF363D006E76AF /* MultitoolBaseTests */,
			);
		};
/* End PBXProject section */

/* Begin PBXResourcesBuildPhase section */
		3A85DB0025AF363D006E76AF /* Resources */ = {
			isa = PBXResourcesBuildPhase;
			buildActionMask = 2147483647;
			files = (
			);
			runOnlyForDeploymentPostprocessing = 0;
		};
		3A8BD84A256FAB2600E4C225 /* Resources */ = {
			isa = PBXResourcesBuildPhase;
			buildActionMask = 2147483647;
			files = (
			);
			runOnlyForDeploymentPostprocessing = 0;
		};
/* End PBXResourcesBuildPhase section */

/* Begin PBXSourcesBuildPhase section */
		3A85DAFE25AF363D006E76AF /* Sources */ = {
			isa = PBXSourcesBuildPhase;
			buildActionMask = 2147483647;
			files = (
				3A1B845125C0120E0042A2DC /* Customizable.swift in Sources */,
				3A85DB0525AF363D006E76AF /* MultitoolBaseTests.swift in Sources */,
				3A85DB1425AF37FE006E76AF /* DispatchSerial.swift in Sources */,
				3A1B844D25C0120E0042A2DC /* Block.swift in Sources */,
				3A85DB1125AF376D006E76AF /* DispatchSingle.swift in Sources */,
				3A85DB1825AF3CCA006E76AF /* DispatchSerialTests.swift in Sources */,
				3A1B844F25C0120E0042A2DC /* ClosureInitializable.swift in Sources */,
			);
			runOnlyForDeploymentPostprocessing = 0;
		};
		3A8BD848256FAB2600E4C225 /* Sources */ = {
			isa = PBXSourcesBuildPhase;
			buildActionMask = 2147483647;
			files = (
				3A8BD856256FABC700E4C225 /* DelegatedCall.swift in Sources */,
				3A1B846625C015850042A2DC /* DispatchQueue.swift in Sources */,
				3A85DAF625AF3382006E76AF /* DispatchSingle.swift in Sources */,
				3A8BD857256FABC700E4C225 /* Event.swift in Sources */,
				3A8BD858256FABC700E4C225 /* Kit.swift in Sources */,
				3A8BD859256FABC700E4C225 /* MTTimer.swift in Sources */,
				3A8BD85B256FABC700E4C225 /* Seal.swift in Sources */,
				3A8BD85D256FABC700E4C225 /* Unowned.swift in Sources */,
				3A8BD85E256FABC700E4C225 /* Weak.swift in Sources */,
				3A8BD85F256FABC700E4C225 /* Operators.swift in Sources */,
				3A8BD860256FABC700E4C225 /* Typealiases.swift in Sources */,
				3A8BD861256FABC700E4C225 /* Directions.swift in Sources */,
				3A8BD862256FABC700E4C225 /* Edge.swift in Sources */,
				3A8BD863256FABC700E4C225 /* KeyCode.swift in Sources */,
				3A85DAE825AF0196006E76AF /* Validation.swift in Sources */,
				3A1B844C25C0120E0042A2DC /* Block.swift in Sources */,
				3A8BD864256FABC700E4C225 /* Result.swift in Sources */,
				3A85DAF925AF33B1006E76AF /* DispatchOnce.swift in Sources */,
				3A51DA1B25B1D7CB0066E836 /* LocalizationObject.swift in Sources */,
				3A8BD865256FABC700E4C225 /* Array.swift in Sources */,
				3A8BD866256FABC700E4C225 /* Bool.swift in Sources */,
				3A8BD867256FABC700E4C225 /* Collection.swift in Sources */,
				3A8BD868256FABC700E4C225 /* Data.swift in Sources */,
				3A8BD869256FABC700E4C225 /* FixedWidthInteger.swift in Sources */,
				3A85DAFC25AF33C6006E76AF /* DispatchSerial.swift in Sources */,
				3A8BD86A256FABC700E4C225 /* Numeric.swift in Sources */,
				3A8BD86B256FABC700E4C225 /* Optional.swift in Sources */,
				3A8BD86C256FABC700E4C225 /* Set.swift in Sources */,
				3A8BD86D256FABC700E4C225 /* String.swift in Sources */,
				3A8BD86E256FABC700E4C225 /* CreatableByInt.swift in Sources */,
				3A1B845025C0120E0042A2DC /* Customizable.swift in Sources */,
				3A8BD86F256FABC700E4C225 /* DataStringRepresentable.swift in Sources */,
				3A8BD870256FABC700E4C225 /* HashableByIdentifier.swift in Sources */,
				3A51DA1F25B1D8110066E836 /* Localizable.swift in Sources */,
				3A51DA2925B1D8990066E836 /* LocalizableObject.swift in Sources */,
				3A8BD871256FABC700E4C225 /* Identifiable.swift in Sources */,
				3A8BD872256FABC700E4C225 /* InfoContaining.swift in Sources */,
				3A8BD873256FABC700E4C225 /* Randomable.swift in Sources */,
				3A8BD874256FABC700E4C225 /* RandomableElement.swift in Sources */,
				3A8BD875256FABC700E4C225 /* TypeIdentifiable.swift in Sources */,
				3A8BD876256FABC700E4C225 /* RandomableElementConforming.swift in Sources */,
				3A8BD877256FABC700E4C225 /* EnumDictionarySet.swift in Sources */,
				3A1B844425C011980042A2DC /* EmptyInitializable.swift in Sources */,
				3A8BD878256FABC700E4C225 /* KeyValuePair.swift in Sources */,
				3A8BD879256FABC700E4C225 /* Coordinates.swift in Sources */,
				3A1B844E25C0120E0042A2DC /* ClosureInitializable.swift in Sources */,
				3A1B846A25C015B50042A2DC /* OSStatus.swift in Sources */,
			);
			runOnlyForDeploymentPostprocessing = 0;
		};
/* End PBXSourcesBuildPhase section */

/* Begin PBXTargetDependency section */
		3A85DB0925AF363D006E76AF /* PBXTargetDependency */ = {
			isa = PBXTargetDependency;
			target = 3A8BD84B256FAB2600E4C225 /* MultitoolBase-macOS */;
			targetProxy = 3A85DB0825AF363D006E76AF /* PBXContainerItemProxy */;
		};
/* End PBXTargetDependency section */

/* Begin XCBuildConfiguration section */
		3A85DB0B25AF363D006E76AF /* Debug */ = {
			isa = XCBuildConfiguration;
			buildSettings = {
				ALWAYS_SEARCH_USER_PATHS = NO;
				CLANG_ANALYZER_NONNULL = YES;
				CLANG_ANALYZER_NUMBER_OBJECT_CONVERSION = YES_AGGRESSIVE;
				CLANG_CXX_LANGUAGE_STANDARD = "gnu++14";
				CLANG_CXX_LIBRARY = "libc++";
				CLANG_ENABLE_MODULES = YES;
				CLANG_ENABLE_OBJC_ARC = YES;
				CLANG_ENABLE_OBJC_WEAK = YES;
				CLANG_WARN_DIRECT_OBJC_ISA_USAGE = YES_ERROR;
				CLANG_WARN_DOCUMENTATION_COMMENTS = YES;
				CLANG_WARN_OBJC_ROOT_CLASS = YES_ERROR;
				CLANG_WARN_UNGUARDED_AVAILABILITY = YES_AGGRESSIVE;
				CODE_SIGN_STYLE = Automatic;
				COMBINE_HIDPI_IMAGES = YES;
				COPY_PHASE_STRIP = NO;
				DEBUG_INFORMATION_FORMAT = dwarf;
				DEVELOPMENT_TEAM = 3HY2N64MXA;
				GCC_C_LANGUAGE_STANDARD = gnu11;
				GCC_DYNAMIC_NO_PIC = NO;
				GCC_OPTIMIZATION_LEVEL = 0;
				GCC_PREPROCESSOR_DEFINITIONS = (
					"DEBUG=1",
					"$(inherited)",
				);
				GCC_WARN_ABOUT_RETURN_TYPE = YES_ERROR;
				GCC_WARN_UNINITIALIZED_AUTOS = YES_AGGRESSIVE;
				INFOPLIST_FILE = MultitoolBaseTests/Info.plist;
				LD_RUNPATH_SEARCH_PATHS = (
					"$(inherited)",
					"@executable_path/../Frameworks",
					"@loader_path/../Frameworks",
				);
				MACOSX_DEPLOYMENT_TARGET = 11.0;
				MTL_ENABLE_DEBUG_INFO = INCLUDE_SOURCE;
				MTL_FAST_MATH = YES;
				PRODUCT_BUNDLE_IDENTIFIER = AO.MultitoolBaseTests;
				PRODUCT_NAME = "$(TARGET_NAME)";
				SDKROOT = macosx;
				SWIFT_ACTIVE_COMPILATION_CONDITIONS = DEBUG;
				SWIFT_OPTIMIZATION_LEVEL = "-Onone";
				SWIFT_VERSION = 5.0;
			};
			name = Debug;
		};
		3A85DB0C25AF363D006E76AF /* Release */ = {
			isa = XCBuildConfiguration;
			buildSettings = {
				ALWAYS_SEARCH_USER_PATHS = NO;
				CLANG_ANALYZER_NONNULL = YES;
				CLANG_ANALYZER_NUMBER_OBJECT_CONVERSION = YES_AGGRESSIVE;
				CLANG_CXX_LANGUAGE_STANDARD = "gnu++14";
				CLANG_CXX_LIBRARY = "libc++";
				CLANG_ENABLE_MODULES = YES;
				CLANG_ENABLE_OBJC_ARC = YES;
				CLANG_ENABLE_OBJC_WEAK = YES;
				CLANG_WARN_DIRECT_OBJC_ISA_USAGE = YES_ERROR;
				CLANG_WARN_DOCUMENTATION_COMMENTS = YES;
				CLANG_WARN_OBJC_ROOT_CLASS = YES_ERROR;
				CLANG_WARN_UNGUARDED_AVAILABILITY = YES_AGGRESSIVE;
				CODE_SIGN_STYLE = Automatic;
				COMBINE_HIDPI_IMAGES = YES;
				COPY_PHASE_STRIP = NO;
				DEBUG_INFORMATION_FORMAT = "dwarf-with-dsym";
				DEVELOPMENT_TEAM = 3HY2N64MXA;
				ENABLE_NS_ASSERTIONS = NO;
				GCC_C_LANGUAGE_STANDARD = gnu11;
				GCC_WARN_ABOUT_RETURN_TYPE = YES_ERROR;
				GCC_WARN_UNINITIALIZED_AUTOS = YES_AGGRESSIVE;
				INFOPLIST_FILE = MultitoolBaseTests/Info.plist;
				LD_RUNPATH_SEARCH_PATHS = (
					"$(inherited)",
					"@executable_path/../Frameworks",
					"@loader_path/../Frameworks",
				);
				MACOSX_DEPLOYMENT_TARGET = 11.0;
				MTL_ENABLE_DEBUG_INFO = NO;
				MTL_FAST_MATH = YES;
				PRODUCT_BUNDLE_IDENTIFIER = AO.MultitoolBaseTests;
				PRODUCT_NAME = "$(TARGET_NAME)";
				SDKROOT = macosx;
				SWIFT_COMPILATION_MODE = wholemodule;
				SWIFT_OPTIMIZATION_LEVEL = "-O";
				SWIFT_VERSION = 5.0;
			};
			name = Release;
		};
		3A8BD852256FAB2600E4C225 /* Debug */ = {
			isa = XCBuildConfiguration;
			buildSettings = {
				ALWAYS_SEARCH_USER_PATHS = NO;
				CLANG_ANALYZER_NONNULL = YES;
				CLANG_ANALYZER_NUMBER_OBJECT_CONVERSION = YES_AGGRESSIVE;
				CLANG_CXX_LANGUAGE_STANDARD = "gnu++14";
				CLANG_CXX_LIBRARY = "libc++";
				CLANG_ENABLE_MODULES = YES;
				CLANG_ENABLE_OBJC_ARC = YES;
				CLANG_ENABLE_OBJC_WEAK = YES;
				CLANG_WARN_DIRECT_OBJC_ISA_USAGE = YES_ERROR;
				CLANG_WARN_DOCUMENTATION_COMMENTS = YES;
				CLANG_WARN_OBJC_ROOT_CLASS = YES_ERROR;
				CLANG_WARN_UNGUARDED_AVAILABILITY = YES_AGGRESSIVE;
				CODE_SIGN_STYLE = Automatic;
				COMBINE_HIDPI_IMAGES = YES;
				COPY_PHASE_STRIP = NO;
				CURRENT_PROJECT_VERSION = 1;
				DEBUG_INFORMATION_FORMAT = dwarf;
				DEFINES_MODULE = YES;
				DEVELOPMENT_TEAM = 3HY2N64MXA;
				DYLIB_COMPATIBILITY_VERSION = 1;
				DYLIB_CURRENT_VERSION = 1;
				DYLIB_INSTALL_NAME_BASE = "@rpath";
				GCC_C_LANGUAGE_STANDARD = gnu11;
				GCC_DYNAMIC_NO_PIC = NO;
				GCC_OPTIMIZATION_LEVEL = 0;
				GCC_PREPROCESSOR_DEFINITIONS = (
					"DEBUG=1",
					"$(inherited)",
				);
				GCC_WARN_ABOUT_RETURN_TYPE = YES_ERROR;
				GCC_WARN_UNINITIALIZED_AUTOS = YES_AGGRESSIVE;
				INFOPLIST_FILE = "MultitoolBase-macOS/Info.plist";
				INSTALL_PATH = "$(LOCAL_LIBRARY_DIR)/Frameworks";
				LD_RUNPATH_SEARCH_PATHS = (
					"$(inherited)",
					"@executable_path/../Frameworks",
					"@loader_path/Frameworks",
				);
				MACOSX_DEPLOYMENT_TARGET = 10.15;
				MTL_ENABLE_DEBUG_INFO = INCLUDE_SOURCE;
				MTL_FAST_MATH = YES;
				PRODUCT_BUNDLE_IDENTIFIER = "AO.MultitoolBase-macOS";
				PRODUCT_NAME = "$(TARGET_NAME:c99extidentifier)";
				SDKROOT = macosx;
				SKIP_INSTALL = YES;
				SWIFT_ACTIVE_COMPILATION_CONDITIONS = DEBUG;
				SWIFT_OPTIMIZATION_LEVEL = "-Onone";
				SWIFT_VERSION = 5.0;
				VERSIONING_SYSTEM = "apple-generic";
				VERSION_INFO_PREFIX = "";
			};
			name = Debug;
		};
		3A8BD853256FAB2600E4C225 /* Release */ = {
			isa = XCBuildConfiguration;
			buildSettings = {
				ALWAYS_SEARCH_USER_PATHS = NO;
				CLANG_ANALYZER_NONNULL = YES;
				CLANG_ANALYZER_NUMBER_OBJECT_CONVERSION = YES_AGGRESSIVE;
				CLANG_CXX_LANGUAGE_STANDARD = "gnu++14";
				CLANG_CXX_LIBRARY = "libc++";
				CLANG_ENABLE_MODULES = YES;
				CLANG_ENABLE_OBJC_ARC = YES;
				CLANG_ENABLE_OBJC_WEAK = YES;
				CLANG_WARN_DIRECT_OBJC_ISA_USAGE = YES_ERROR;
				CLANG_WARN_DOCUMENTATION_COMMENTS = YES;
				CLANG_WARN_OBJC_ROOT_CLASS = YES_ERROR;
				CLANG_WARN_UNGUARDED_AVAILABILITY = YES_AGGRESSIVE;
				CODE_SIGN_STYLE = Automatic;
				COMBINE_HIDPI_IMAGES = YES;
				COPY_PHASE_STRIP = NO;
				CURRENT_PROJECT_VERSION = 1;
				DEBUG_INFORMATION_FORMAT = "dwarf-with-dsym";
				DEFINES_MODULE = YES;
				DEVELOPMENT_TEAM = 3HY2N64MXA;
				DYLIB_COMPATIBILITY_VERSION = 1;
				DYLIB_CURRENT_VERSION = 1;
				DYLIB_INSTALL_NAME_BASE = "@rpath";
				ENABLE_NS_ASSERTIONS = NO;
				GCC_C_LANGUAGE_STANDARD = gnu11;
				GCC_WARN_ABOUT_RETURN_TYPE = YES_ERROR;
				GCC_WARN_UNINITIALIZED_AUTOS = YES_AGGRESSIVE;
				INFOPLIST_FILE = "MultitoolBase-macOS/Info.plist";
				INSTALL_PATH = "$(LOCAL_LIBRARY_DIR)/Frameworks";
				LD_RUNPATH_SEARCH_PATHS = (
					"$(inherited)",
					"@executable_path/../Frameworks",
					"@loader_path/Frameworks",
				);
				MACOSX_DEPLOYMENT_TARGET = 10.15;
				MTL_ENABLE_DEBUG_INFO = NO;
				MTL_FAST_MATH = YES;
				PRODUCT_BUNDLE_IDENTIFIER = "AO.MultitoolBase-macOS";
				PRODUCT_NAME = "$(TARGET_NAME:c99extidentifier)";
				SDKROOT = macosx;
				SKIP_INSTALL = YES;
				SWIFT_COMPILATION_MODE = wholemodule;
				SWIFT_OPTIMIZATION_LEVEL = "-O";
				SWIFT_VERSION = 5.0;
				VERSIONING_SYSTEM = "apple-generic";
				VERSION_INFO_PREFIX = "";
			};
			name = Release;
		};
		3A949AB7245461CA007E7928 /* Debug */ = {
			isa = XCBuildConfiguration;
			buildSettings = {
				CLANG_WARN_BLOCK_CAPTURE_AUTORELEASING = YES;
				CLANG_WARN_BOOL_CONVERSION = YES;
				CLANG_WARN_COMMA = YES;
				CLANG_WARN_CONSTANT_CONVERSION = YES;
				CLANG_WARN_DEPRECATED_OBJC_IMPLEMENTATIONS = YES;
				CLANG_WARN_EMPTY_BODY = YES;
				CLANG_WARN_ENUM_CONVERSION = YES;
				CLANG_WARN_INFINITE_RECURSION = YES;
				CLANG_WARN_INT_CONVERSION = YES;
				CLANG_WARN_NON_LITERAL_NULL_CONVERSION = YES;
				CLANG_WARN_OBJC_IMPLICIT_RETAIN_SELF = YES;
				CLANG_WARN_OBJC_LITERAL_CONVERSION = YES;
				CLANG_WARN_QUOTED_INCLUDE_IN_FRAMEWORK_HEADER = YES;
				CLANG_WARN_RANGE_LOOP_ANALYSIS = YES;
				CLANG_WARN_STRICT_PROTOTYPES = YES;
				CLANG_WARN_SUSPICIOUS_MOVE = YES;
				CLANG_WARN_UNREACHABLE_CODE = YES;
				CLANG_WARN__DUPLICATE_METHOD_MATCH = YES;
				ENABLE_STRICT_OBJC_MSGSEND = YES;
				ENABLE_TESTABILITY = YES;
				GCC_NO_COMMON_BLOCKS = YES;
				GCC_WARN_64_TO_32_BIT_CONVERSION = YES;
				GCC_WARN_ABOUT_RETURN_TYPE = YES;
				GCC_WARN_UNDECLARED_SELECTOR = YES;
				GCC_WARN_UNINITIALIZED_AUTOS = YES;
				GCC_WARN_UNUSED_FUNCTION = YES;
				GCC_WARN_UNUSED_VARIABLE = YES;
				ONLY_ACTIVE_ARCH = YES;
			};
			name = Debug;
		};
		3A949AB8245461CA007E7928 /* Release */ = {
			isa = XCBuildConfiguration;
			buildSettings = {
				CLANG_WARN_BLOCK_CAPTURE_AUTORELEASING = YES;
				CLANG_WARN_BOOL_CONVERSION = YES;
				CLANG_WARN_COMMA = YES;
				CLANG_WARN_CONSTANT_CONVERSION = YES;
				CLANG_WARN_DEPRECATED_OBJC_IMPLEMENTATIONS = YES;
				CLANG_WARN_EMPTY_BODY = YES;
				CLANG_WARN_ENUM_CONVERSION = YES;
				CLANG_WARN_INFINITE_RECURSION = YES;
				CLANG_WARN_INT_CONVERSION = YES;
				CLANG_WARN_NON_LITERAL_NULL_CONVERSION = YES;
				CLANG_WARN_OBJC_IMPLICIT_RETAIN_SELF = YES;
				CLANG_WARN_OBJC_LITERAL_CONVERSION = YES;
				CLANG_WARN_QUOTED_INCLUDE_IN_FRAMEWORK_HEADER = YES;
				CLANG_WARN_RANGE_LOOP_ANALYSIS = YES;
				CLANG_WARN_STRICT_PROTOTYPES = YES;
				CLANG_WARN_SUSPICIOUS_MOVE = YES;
				CLANG_WARN_UNREACHABLE_CODE = YES;
				CLANG_WARN__DUPLICATE_METHOD_MATCH = YES;
				ENABLE_STRICT_OBJC_MSGSEND = YES;
				GCC_NO_COMMON_BLOCKS = YES;
				GCC_WARN_64_TO_32_BIT_CONVERSION = YES;
				GCC_WARN_ABOUT_RETURN_TYPE = YES;
				GCC_WARN_UNDECLARED_SELECTOR = YES;
				GCC_WARN_UNINITIALIZED_AUTOS = YES;
				GCC_WARN_UNUSED_FUNCTION = YES;
				GCC_WARN_UNUSED_VARIABLE = YES;
			};
			name = Release;
		};
/* End XCBuildConfiguration section */

/* Begin XCConfigurationList section */
		3A85DB0A25AF363D006E76AF /* Build configuration list for PBXNativeTarget "MultitoolBaseTests" */ = {
			isa = XCConfigurationList;
			buildConfigurations = (
				3A85DB0B25AF363D006E76AF /* Debug */,
				3A85DB0C25AF363D006E76AF /* Release */,
			);
			defaultConfigurationIsVisible = 0;
			defaultConfigurationName = Release;
		};
		3A8BD854256FAB2600E4C225 /* Build configuration list for PBXNativeTarget "MultitoolBase-macOS" */ = {
			isa = XCConfigurationList;
			buildConfigurations = (
				3A8BD852256FAB2600E4C225 /* Debug */,
				3A8BD853256FAB2600E4C225 /* Release */,
			);
			defaultConfigurationIsVisible = 0;
			defaultConfigurationName = Release;
		};
		3A949AB6245461CA007E7928 /* Build configuration list for PBXProject "Base" */ = {
			isa = XCConfigurationList;
			buildConfigurations = (
				3A949AB7245461CA007E7928 /* Debug */,
				3A949AB8245461CA007E7928 /* Release */,
			);
			defaultConfigurationIsVisible = 0;
			defaultConfigurationName = Release;
		};
/* End XCConfigurationList section */
	};
	rootObject = 3A949AB3245461CA007E7928 /* Project object */;
}
