// !$*UTF8*$!
{
	archiveVersion = 1;
	classes = {
	};
	objectVersion = 50;
	objects = {

/* Begin PBXContainerItemProxy section */
		3A19CED925BC821A00D097D7 /* PBXContainerItemProxy */ = {
			isa = PBXContainerItemProxy;
			containerPortal = 3A5BD55E25BC334900481A2B /* NetworkUtil.xcodeproj */;
			proxyType = 2;
			remoteGlobalIDString = 3A5BD56925BC335B00481A2B;
			remoteInfo = "NetworkUtil-macOS";
		};
		3A396EB625BDA29100B110C7 /* PBXContainerItemProxy */ = {
			isa = PBXContainerItemProxy;
			containerPortal = 3A396EB125BDA29100B110C7 /* KeychainUtil.xcodeproj */;
			proxyType = 2;
			remoteGlobalIDString = 3A949BDC245467AE007E7928;
			remoteInfo = "KeychainUtil-macOS";
		};
		3A396EB825BDA29100B110C7 /* PBXContainerItemProxy */ = {
			isa = PBXContainerItemProxy;
			containerPortal = 3A396EB125BDA29100B110C7 /* KeychainUtil.xcodeproj */;
			proxyType = 2;
			remoteGlobalIDString = 3A211E51257E38060017229F;
			remoteInfo = KeychainUtilTestground;
		};
		3A5BD56225BC334A00481A2B /* PBXContainerItemProxy */ = {
			isa = PBXContainerItemProxy;
			containerPortal = 3A5BD52425BC1E1500481A2B /* LoggingUtil.xcodeproj */;
			proxyType = 2;
			remoteGlobalIDString = 3A5BD53125BC1E4000481A2B;
			remoteInfo = "LoggingUtil-macOS";
		};
		3A81C33025627F590048D103 /* PBXContainerItemProxy */ = {
			isa = PBXContainerItemProxy;
			containerPortal = 3A79D0772508CFB5000E8137 /* UserDefaultsUtil.xcodeproj */;
			proxyType = 2;
			remoteGlobalIDString = 3A949BEA245467D1007E7928;
			remoteInfo = "UserDefaultsUtil-macOS";
		};
		3A81C33225627F590048D103 /* PBXContainerItemProxy */ = {
			isa = PBXContainerItemProxy;
			containerPortal = 3A79D0772508CFB5000E8137 /* UserDefaultsUtil.xcodeproj */;
			proxyType = 2;
			remoteGlobalIDString = 3AFBE50F2507D0A2000C089B;
			remoteInfo = UserDefaultsUtil_macOSTests;
		};
/* End PBXContainerItemProxy section */

/* Begin PBXFileReference section */
		3A396EB125BDA29100B110C7 /* KeychainUtil.xcodeproj */ = {isa = PBXFileReference; lastKnownFileType = "wrapper.pb-project"; name = KeychainUtil.xcodeproj; path = KeychainUtil/KeychainUtil.xcodeproj; sourceTree = "<group>"; };
		3A5BD52425BC1E1500481A2B /* LoggingUtil.xcodeproj */ = {isa = PBXFileReference; lastKnownFileType = "wrapper.pb-project"; name = LoggingUtil.xcodeproj; path = LoggingUtil/LoggingUtil.xcodeproj; sourceTree = "<group>"; };
		3A5BD55E25BC334900481A2B /* NetworkUtil.xcodeproj */ = {isa = PBXFileReference; lastKnownFileType = "wrapper.pb-project"; name = NetworkUtil.xcodeproj; path = NetworkUtil/NetworkUtil.xcodeproj; sourceTree = "<group>"; };
		3A79D0772508CFB5000E8137 /* UserDefaultsUtil.xcodeproj */ = {isa = PBXFileReference; lastKnownFileType = "wrapper.pb-project"; name = UserDefaultsUtil.xcodeproj; path = UserDefaultsUtil/UserDefaultsUtil.xcodeproj; sourceTree = "<group>"; };
/* End PBXFileReference section */

/* Begin PBXGroup section */
		3A396EB225BDA29100B110C7 /* Products */ = {
			isa = PBXGroup;
			children = (
				3A396EB725BDA29100B110C7 /* KeychainUtil_macOS.framework */,
				3A396EB925BDA29100B110C7 /* KeychainUtilTestground */,
			);
			name = Products;
			sourceTree = "<group>";
		};
		3A5BD52525BC1E1500481A2B /* Products */ = {
			isa = PBXGroup;
			children = (
				3A5BD56325BC334A00481A2B /* LoggingUtil_macOS.framework */,
			);
			name = Products;
			sourceTree = "<group>";
		};
		3A5BD55F25BC334900481A2B /* Products */ = {
			isa = PBXGroup;
			children = (
				3A19CEDA25BC821A00D097D7 /* NetworkUtil_macOS.framework */,
			);
			name = Products;
			sourceTree = "<group>";
		};
		3A81C32B25627F590048D103 /* Products */ = {
			isa = PBXGroup;
			children = (
				3A81C33125627F590048D103 /* UserDefaultsUtil_macOS.framework */,
				3A81C33325627F590048D103 /* UserDefaultsUtil_macOSTests.xctest */,
			);
			name = Products;
			sourceTree = "<group>";
		};
		3A949AD024546211007E7928 = {
			isa = PBXGroup;
			children = (
				3A396EB125BDA29100B110C7 /* KeychainUtil.xcodeproj */,
				3A5BD52425BC1E1500481A2B /* LoggingUtil.xcodeproj */,
				3A5BD55E25BC334900481A2B /* NetworkUtil.xcodeproj */,
				3A79D0772508CFB5000E8137 /* UserDefaultsUtil.xcodeproj */,
			);
			sourceTree = "<group>";
		};
/* End PBXGroup section */

/* Begin PBXProject section */
		3A949AD124546211007E7928 /* Project object */ = {
			isa = PBXProject;
			attributes = {
				LastUpgradeCheck = 1200;
			};
			buildConfigurationList = 3A949AD424546211007E7928 /* Build configuration list for PBXProject "Utils" */;
			compatibilityVersion = "Xcode 9.3";
			developmentRegion = en;
			hasScannedForEncodings = 0;
			knownRegions = (
				en,
				Base,
			);
			mainGroup = 3A949AD024546211007E7928;
			projectDirPath = "";
			projectReferences = (
				{
					ProductGroup = 3A396EB225BDA29100B110C7 /* Products */;
					ProjectRef = 3A396EB125BDA29100B110C7 /* KeychainUtil.xcodeproj */;
				},
				{
					ProductGroup = 3A5BD52525BC1E1500481A2B /* Products */;
					ProjectRef = 3A5BD52425BC1E1500481A2B /* LoggingUtil.xcodeproj */;
				},
				{
					ProductGroup = 3A5BD55F25BC334900481A2B /* Products */;
					ProjectRef = 3A5BD55E25BC334900481A2B /* NetworkUtil.xcodeproj */;
				},
				{
					ProductGroup = 3A81C32B25627F590048D103 /* Products */;
					ProjectRef = 3A79D0772508CFB5000E8137 /* UserDefaultsUtil.xcodeproj */;
				},
			);
			projectRoot = "";
			targets = (
			);
		};
/* End PBXProject section */

/* Begin PBXReferenceProxy section */
		3A19CEDA25BC821A00D097D7 /* NetworkUtil_macOS.framework */ = {
			isa = PBXReferenceProxy;
			fileType = wrapper.framework;
			path = NetworkUtil_macOS.framework;
			remoteRef = 3A19CED925BC821A00D097D7 /* PBXContainerItemProxy */;
			sourceTree = BUILT_PRODUCTS_DIR;
		};
		3A396EB725BDA29100B110C7 /* KeychainUtil_macOS.framework */ = {
			isa = PBXReferenceProxy;
			fileType = wrapper.framework;
			path = KeychainUtil_macOS.framework;
			remoteRef = 3A396EB625BDA29100B110C7 /* PBXContainerItemProxy */;
			sourceTree = BUILT_PRODUCTS_DIR;
		};
		3A396EB925BDA29100B110C7 /* KeychainUtilTestground */ = {
			isa = PBXReferenceProxy;
			fileType = "compiled.mach-o.executable";
			path = KeychainUtilTestground;
			remoteRef = 3A396EB825BDA29100B110C7 /* PBXContainerItemProxy */;
			sourceTree = BUILT_PRODUCTS_DIR;
		};
		3A5BD56325BC334A00481A2B /* LoggingUtil_macOS.framework */ = {
			isa = PBXReferenceProxy;
			fileType = wrapper.framework;
			path = LoggingUtil_macOS.framework;
			remoteRef = 3A5BD56225BC334A00481A2B /* PBXContainerItemProxy */;
			sourceTree = BUILT_PRODUCTS_DIR;
		};
		3A81C33125627F590048D103 /* UserDefaultsUtil_macOS.framework */ = {
			isa = PBXReferenceProxy;
			fileType = wrapper.framework;
			path = UserDefaultsUtil_macOS.framework;
			remoteRef = 3A81C33025627F590048D103 /* PBXContainerItemProxy */;
			sourceTree = BUILT_PRODUCTS_DIR;
		};
		3A81C33325627F590048D103 /* UserDefaultsUtil_macOSTests.xctest */ = {
			isa = PBXReferenceProxy;
			fileType = wrapper.cfbundle;
			path = UserDefaultsUtil_macOSTests.xctest;
			remoteRef = 3A81C33225627F590048D103 /* PBXContainerItemProxy */;
			sourceTree = BUILT_PRODUCTS_DIR;
		};
/* End PBXReferenceProxy section */

/* Begin XCBuildConfiguration section */
		3A949AD524546211007E7928 /* Debug */ = {
			isa = XCBuildConfiguration;
			buildSettings = {
				CLANG_WARN_BLOCK_CAPTURE_AUTORELEASING = YES;
				CLANG_WARN_BOOL_CONVERSION = YES;
				CLANG_WARN_COMMA = YES;
				CLANG_WARN_CONSTANT_CONVERSION = YES;
				CLANG_WARN_DEPRECATED_OBJC_IMPLEMENTATIONS = YES;
				CLANG_WARN_EMPTY_BODY = YES;
				CLANG_WARN_ENUM_CONVERSION = YES;
				CLANG_WARN_INFINITE_RECURSION = YES;
				CLANG_WARN_INT_CONVERSION = YES;
				CLANG_WARN_NON_LITERAL_NULL_CONVERSION = YES;
				CLANG_WARN_OBJC_IMPLICIT_RETAIN_SELF = YES;
				CLANG_WARN_OBJC_LITERAL_CONVERSION = YES;
				CLANG_WARN_QUOTED_INCLUDE_IN_FRAMEWORK_HEADER = YES;
				CLANG_WARN_RANGE_LOOP_ANALYSIS = YES;
				CLANG_WARN_STRICT_PROTOTYPES = YES;
				CLANG_WARN_SUSPICIOUS_MOVE = YES;
				CLANG_WARN_UNREACHABLE_CODE = YES;
				CLANG_WARN__DUPLICATE_METHOD_MATCH = YES;
				ENABLE_STRICT_OBJC_MSGSEND = YES;
				ENABLE_TESTABILITY = YES;
				GCC_NO_COMMON_BLOCKS = YES;
				GCC_WARN_64_TO_32_BIT_CONVERSION = YES;
				GCC_WARN_ABOUT_RETURN_TYPE = YES;
				GCC_WARN_UNDECLARED_SELECTOR = YES;
				GCC_WARN_UNINITIALIZED_AUTOS = YES;
				GCC_WARN_UNUSED_FUNCTION = YES;
				GCC_WARN_UNUSED_VARIABLE = YES;
				ONLY_ACTIVE_ARCH = YES;
			};
			name = Debug;
		};
		3A949AD624546211007E7928 /* Release */ = {
			isa = XCBuildConfiguration;
			buildSettings = {
				CLANG_WARN_BLOCK_CAPTURE_AUTORELEASING = YES;
				CLANG_WARN_BOOL_CONVERSION = YES;
				CLANG_WARN_COMMA = YES;
				CLANG_WARN_CONSTANT_CONVERSION = YES;
				CLANG_WARN_DEPRECATED_OBJC_IMPLEMENTATIONS = YES;
				CLANG_WARN_EMPTY_BODY = YES;
				CLANG_WARN_ENUM_CONVERSION = YES;
				CLANG_WARN_INFINITE_RECURSION = YES;
				CLANG_WARN_INT_CONVERSION = YES;
				CLANG_WARN_NON_LITERAL_NULL_CONVERSION = YES;
				CLANG_WARN_OBJC_IMPLICIT_RETAIN_SELF = YES;
				CLANG_WARN_OBJC_LITERAL_CONVERSION = YES;
				CLANG_WARN_QUOTED_INCLUDE_IN_FRAMEWORK_HEADER = YES;
				CLANG_WARN_RANGE_LOOP_ANALYSIS = YES;
				CLANG_WARN_STRICT_PROTOTYPES = YES;
				CLANG_WARN_SUSPICIOUS_MOVE = YES;
				CLANG_WARN_UNREACHABLE_CODE = YES;
				CLANG_WARN__DUPLICATE_METHOD_MATCH = YES;
				ENABLE_STRICT_OBJC_MSGSEND = YES;
				GCC_NO_COMMON_BLOCKS = YES;
				GCC_WARN_64_TO_32_BIT_CONVERSION = YES;
				GCC_WARN_ABOUT_RETURN_TYPE = YES;
				GCC_WARN_UNDECLARED_SELECTOR = YES;
				GCC_WARN_UNINITIALIZED_AUTOS = YES;
				GCC_WARN_UNUSED_FUNCTION = YES;
				GCC_WARN_UNUSED_VARIABLE = YES;
			};
			name = Release;
		};
/* End XCBuildConfiguration section */

/* Begin XCConfigurationList section */
		3A949AD424546211007E7928 /* Build configuration list for PBXProject "Utils" */ = {
			isa = XCConfigurationList;
			buildConfigurations = (
				3A949AD524546211007E7928 /* Debug */,
				3A949AD624546211007E7928 /* Release */,
			);
			defaultConfigurationIsVisible = 0;
			defaultConfigurationName = Release;
		};
/* End XCConfigurationList section */
	};
	rootObject = 3A949AD124546211007E7928 /* Project object */;
}
