// !$*UTF8*$!
{
	archiveVersion = 1;
	classes = {
	};
	objectVersion = 50;
	objects = {

/* Begin PBXFileReference section */
		3A396E9925BDA1CD00B110C7 /* UIStoryboard.swift */ = {isa = PBXFileReference; lastKnownFileType = sourcecode.swift; path = UIStoryboard.swift; sourceTree = "<group>"; };
		3A396E9D25BDA1CD00B110C7 /* OverlappingViewController.swift */ = {isa = PBXFileReference; lastKnownFileType = sourcecode.swift; path = OverlappingViewController.swift; sourceTree = "<group>"; };
/* End PBXFileReference section */

/* Begin PBXGroup section */
		3A396E7825BDA18500B110C7 = {
			isa = PBXGroup;
			children = (
				3A396E9725BDA1CD00B110C7 /* Source */,
			);
			sourceTree = "<group>";
		};
		3A396E9725BDA1CD00B110C7 /* Source */ = {
			isa = PBXGroup;
			children = (
				3A396E9825BDA1CD00B110C7 /* UIStoryboard */,
				3A396E9C25BDA1CD00B110C7 /* ViewControllers */,
			);
			path = Source;
			sourceTree = "<group>";
		};
		3A396E9825BDA1CD00B110C7 /* UIStoryboard */ = {
			isa = PBXGroup;
			children = (
				3A396E9925BDA1CD00B110C7 /* UIStoryboard.swift */,
			);
			path = UIStoryboard;
			sourceTree = "<group>";
		};
		3A396E9C25BDA1CD00B110C7 /* ViewControllers */ = {
			isa = PBXGroup;
			children = (
				3A396E9D25BDA1CD00B110C7 /* OverlappingViewController.swift */,
			);
			path = ViewControllers;
			sourceTree = "<group>";
		};
/* End PBXGroup section */

/* Begin PBXProject section */
		3A396E7925BDA18500B110C7 /* Project object */ = {
			isa = PBXProject;
			attributes = {
				LastUpgradeCheck = 1220;
			};
			buildConfigurationList = 3A396E7C25BDA18500B110C7 /* Build configuration list for PBXProject "UIKitExtensions" */;
			compatibilityVersion = "Xcode 9.3";
			developmentRegion = en;
			hasScannedForEncodings = 0;
			knownRegions = (
				en,
				Base,
			);
			mainGroup = 3A396E7825BDA18500B110C7;
			projectDirPath = "";
			projectRoot = "";
			targets = (
			);
		};
/* End PBXProject section */

/* Begin XCBuildConfiguration section */
		3A396E7D25BDA18500B110C7 /* Debug */ = {
			isa = XCBuildConfiguration;
			buildSettings = {
			};
			name = Debug;
		};
		3A396E7E25BDA18500B110C7 /* Release */ = {
			isa = XCBuildConfiguration;
			buildSettings = {
			};
			name = Release;
		};
/* End XCBuildConfiguration section */

/* Begin XCConfigurationList section */
		3A396E7C25BDA18500B110C7 /* Build configuration list for PBXProject "UIKitExtensions" */ = {
			isa = XCConfigurationList;
			buildConfigurations = (
				3A396E7D25BDA18500B110C7 /* Debug */,
				3A396E7E25BDA18500B110C7 /* Release */,
			);
			defaultConfigurationIsVisible = 0;
			defaultConfigurationName = Release;
		};
/* End XCConfigurationList section */
	};
	rootObject = 3A396E7925BDA18500B110C7 /* Project object */;
}
